
Microsoft Visual Studio Solution File, Format Version 12.00
# Visual Studio 2013
VisualStudioVersion = 12.0.20827.3
MinimumVisualStudioVersion = 10.0.40219.1
Project("{FAE04EC0-301F-11D3-BF4B-00C04F79EFBC}") = "Turn5.BusinessModel", "Turn5.BusinessModel\Turn5.BusinessModel.csproj", "{2288C0C5-D002-45D9-86C6-0297F1F11B3E}"
EndProject
Project("{FAE04EC0-301F-11D3-BF4B-00C04F79EFBC}") = "Turn5.DataAccess", "Turn5.DataAccess\Turn5.DataAccess.csproj", "{E91B017B-DB55-4043-A3FD-F9A341260426}"
EndProject
Project("{FAE04EC0-301F-11D3-BF4B-00C04F79EFBC}") = "Turn5.Web.Mvc", "Turn5.Web.Mvc\Turn5.Web.Mvc.csproj", "{E57E1B6E-3327-4195-BA64-8FDE9CAA4D02}"
EndProject
Project("{FAE04EC0-301F-11D3-BF4B-00C04F79EFBC}") = "Turn5.Web.UI", "Turn5.Web.UI\Turn5.Web.UI.csproj", "{4331B966-8CEC-4217-B7E6-211E001B28B6}"
EndProject
Project("{FAE04EC0-301F-11D3-BF4B-00C04F79EFBC}") = "Turn5.WebServices", "Turn5.WebServices\Turn5.WebServices.csproj", "{8E0DF0FA-9704-4CB0-99BC-164E6639471F}"
EndProject
Project("{FAE04EC0-301F-11D3-BF4B-00C04F79EFBC}") = "Turn5.Web.UnitTests", "Turn5.Web.UnitTests\Turn5.Web.UnitTests.csproj", "{25AA96BB-0304-4B72-BAE7-02C6F1D65402}"
EndProject
Global
	GlobalSection(SolutionConfigurationPlatforms) = preSolution
		Debug (MVC Only)|Any CPU = Debug (MVC Only)|Any CPU
		Debug (UI Only)|Any CPU = Debug (UI Only)|Any CPU
		Debug|Any CPU = Debug|Any CPU
		Release|Any CPU = Release|Any CPU
	EndGlobalSection
	GlobalSection(ProjectConfigurationPlatforms) = postSolution
		{2288C0C5-D002-45D9-86C6-0297F1F11B3E}.Debug (MVC Only)|Any CPU.ActiveCfg = Debug (MVC Only)|Any CPU
		{2288C0C5-D002-45D9-86C6-0297F1F11B3E}.Debug (UI Only)|Any CPU.ActiveCfg = Debug (UI Only)|Any CPU
		{2288C0C5-D002-45D9-86C6-0297F1F11B3E}.Debug|Any CPU.ActiveCfg = Debug|Any CPU
		{2288C0C5-D002-45D9-86C6-0297F1F11B3E}.Debug|Any CPU.Build.0 = Debug|Any CPU
		{2288C0C5-D002-45D9-86C6-0297F1F11B3E}.Release|Any CPU.ActiveCfg = Release|Any CPU
		{2288C0C5-D002-45D9-86C6-0297F1F11B3E}.Release|Any CPU.Build.0 = Release|Any CPU
		{E91B017B-DB55-4043-A3FD-F9A341260426}.Debug (MVC Only)|Any CPU.ActiveCfg = Debug (MVC Only)|Any CPU
		{E91B017B-DB55-4043-A3FD-F9A341260426}.Debug (UI Only)|Any CPU.ActiveCfg = Debug (UI Only)|Any CPU
		{E91B017B-DB55-4043-A3FD-F9A341260426}.Debug|Any CPU.ActiveCfg = Debug|Any CPU
		{E91B017B-DB55-4043-A3FD-F9A341260426}.Debug|Any CPU.Build.0 = Debug|Any CPU
		{E91B017B-DB55-4043-A3FD-F9A341260426}.Release|Any CPU.ActiveCfg = Release|Any CPU
		{E91B017B-DB55-4043-A3FD-F9A341260426}.Release|Any CPU.Build.0 = Release|Any CPU
		{E57E1B6E-3327-4195-BA64-8FDE9CAA4D02}.Debug (MVC Only)|Any CPU.ActiveCfg = Debug (MVC Only)|Any CPU
		{E57E1B6E-3327-4195-BA64-8FDE9CAA4D02}.Debug (MVC Only)|Any CPU.Build.0 = Debug (MVC Only)|Any CPU
		{E57E1B6E-3327-4195-BA64-8FDE9CAA4D02}.Debug (UI Only)|Any CPU.ActiveCfg = Debug (UI Only)|Any CPU
		{E57E1B6E-3327-4195-BA64-8FDE9CAA4D02}.Debug|Any CPU.ActiveCfg = Debug|Any CPU
		{E57E1B6E-3327-4195-BA64-8FDE9CAA4D02}.Debug|Any CPU.Build.0 = Debug|Any CPU
		{E57E1B6E-3327-4195-BA64-8FDE9CAA4D02}.Release|Any CPU.ActiveCfg = Release|Any CPU
		{E57E1B6E-3327-4195-BA64-8FDE9CAA4D02}.Release|Any CPU.Build.0 = Release|Any CPU
		{4331B966-8CEC-4217-B7E6-211E001B28B6}.Debug (MVC Only)|Any CPU.ActiveCfg = Debug (MVC Only)|Any CPU
		{4331B966-8CEC-4217-B7E6-211E001B28B6}.Debug (UI Only)|Any CPU.ActiveCfg = Debug (UI Only)|Any CPU
		{4331B966-8CEC-4217-B7E6-211E001B28B6}.Debug (UI Only)|Any CPU.Build.0 = Debug (UI Only)|Any CPU
		{4331B966-8CEC-4217-B7E6-211E001B28B6}.Debug|Any CPU.ActiveCfg = Debug|Any CPU
		{4331B966-8CEC-4217-B7E6-211E001B28B6}.Debug|Any CPU.Build.0 = Debug|Any CPU
		{4331B966-8CEC-4217-B7E6-211E001B28B6}.Release|Any CPU.ActiveCfg = Release|Any CPU
		{4331B966-8CEC-4217-B7E6-211E001B28B6}.Release|Any CPU.Build.0 = Release|Any CPU
		{8E0DF0FA-9704-4CB0-99BC-164E6639471F}.Debug (MVC Only)|Any CPU.ActiveCfg = Debug (MVC Only)|Any CPU
		{8E0DF0FA-9704-4CB0-99BC-164E6639471F}.Debug (UI Only)|Any CPU.ActiveCfg = Debug (UI Only)|Any CPU
		{8E0DF0FA-9704-4CB0-99BC-164E6639471F}.Debug|Any CPU.ActiveCfg = Debug|Any CPU
		{8E0DF0FA-9704-4CB0-99BC-164E6639471F}.Debug|Any CPU.Build.0 = Debug|Any CPU
		{8E0DF0FA-9704-4CB0-99BC-164E6639471F}.Release|Any CPU.ActiveCfg = Release|Any CPU
		{8E0DF0FA-9704-4CB0-99BC-164E6639471F}.Release|Any CPU.Build.0 = Release|Any CPU
		{25AA96BB-0304-4B72-BAE7-02C6F1D65402}.Debug (MVC Only)|Any CPU.ActiveCfg = Debug (MVC Only)|Any CPU
		{25AA96BB-0304-4B72-BAE7-02C6F1D65402}.Debug (UI Only)|Any CPU.ActiveCfg = Debug (UI Only)|Any CPU
		{25AA96BB-0304-4B72-BAE7-02C6F1D65402}.Debug|Any CPU.ActiveCfg = Debug|Any CPU
		{25AA96BB-0304-4B72-BAE7-02C6F1D65402}.Debug|Any CPU.Build.0 = Debug|Any CPU
		{25AA96BB-0304-4B72-BAE7-02C6F1D65402}.Release|Any CPU.ActiveCfg = Release|Any CPU
		{25AA96BB-0304-4B72-BAE7-02C6F1D65402}.Release|Any CPU.Build.0 = Release|Any CPU
	EndGlobalSection
	GlobalSection(SolutionProperties) = preSolution
		HideSolutionNode = FALSE
	EndGlobalSection
EndGlobal
